
Microsoft Visual Studio Solution File, Format Version 12.00
# Visual Studio 15
VisualStudioVersion = 15.0.28010.2046
MinimumVisualStudioVersion = 10.0.40219.1
Project("{FAE04EC0-301F-11D3-BF4B-00C04F79EFBC}") = "IndoorNavigation.Android", "IndoorNavigation\IndoorNavigation.Android\IndoorNavigation.Android.csproj", "{A332DA21-C393-4B14-A028-50A27C2BA544}"
EndProject
Project("{FAE04EC0-301F-11D3-BF4B-00C04F79EFBC}") = "IndoorNavigation.iOS", "IndoorNavigation\IndoorNavigation.iOS\IndoorNavigation.iOS.csproj", "{D94EC6E8-733B-4B55-A4C9-6A06F4D429DB}"
EndProject
Project("{9A19103F-16F7-4668-BE54-9A1E7A4F7556}") = "IndoorNavigation", "IndoorNavigation\IndoorNavigation\IndoorNavigation.csproj", "{567E07F4-05C4-4E54-BDEF-9603CC91936E}"
EndProject
Project("{2150E333-8FDC-42A3-9474-1A3956D46DE8}") = "Solution Items", "Solution Items", "{FFE70DC9-E91F-476A-9583-2E11F321A677}"
	ProjectSection(SolutionItems) = preProject
		IndoorNavigation\Lib\Android-iBeacon-Service.dll = IndoorNavigation\Lib\Android-iBeacon-Service.dll
		IndoorNavigation\Lib\JDA.Entities.dll = IndoorNavigation\Lib\JDA.Entities.dll
	EndProjectSection
EndProject
Global
	GlobalSection(SolutionConfigurationPlatforms) = preSolution
		Ad-Hoc|Any CPU = Ad-Hoc|Any CPU
		Ad-Hoc|iPhone = Ad-Hoc|iPhone
		Ad-Hoc|iPhoneSimulator = Ad-Hoc|iPhoneSimulator
		AppStore|Any CPU = AppStore|Any CPU
		AppStore|iPhone = AppStore|iPhone
		AppStore|iPhoneSimulator = AppStore|iPhoneSimulator
		Debug|Any CPU = Debug|Any CPU
		Debug|iPhone = Debug|iPhone
		Debug|iPhoneSimulator = Debug|iPhoneSimulator
		Release|Any CPU = Release|Any CPU
		Release|iPhone = Release|iPhone
		Release|iPhoneSimulator = Release|iPhoneSimulator
	EndGlobalSection
	GlobalSection(ProjectConfigurationPlatforms) = postSolution
		{A332DA21-C393-4B14-A028-50A27C2BA544}.Ad-Hoc|Any CPU.ActiveCfg = Release|Any CPU
		{A332DA21-C393-4B14-A028-50A27C2BA544}.Ad-Hoc|Any CPU.Build.0 = Release|Any CPU
		{A332DA21-C393-4B14-A028-50A27C2BA544}.Ad-Hoc|Any CPU.Deploy.0 = Release|Any CPU
		{A332DA21-C393-4B14-A028-50A27C2BA544}.Ad-Hoc|iPhone.ActiveCfg = Release|Any CPU
		{A332DA21-C393-4B14-A028-50A27C2BA544}.Ad-Hoc|iPhone.Build.0 = Release|Any CPU
		{A332DA21-C393-4B14-A028-50A27C2BA544}.Ad-Hoc|iPhone.Deploy.0 = Release|Any CPU
		{A332DA21-C393-4B14-A028-50A27C2BA544}.Ad-Hoc|iPhoneSimulator.ActiveCfg = Release|Any CPU
		{A332DA21-C393-4B14-A028-50A27C2BA544}.Ad-Hoc|iPhoneSimulator.Build.0 = Release|Any CPU
		{A332DA21-C393-4B14-A028-50A27C2BA544}.Ad-Hoc|iPhoneSimulator.Deploy.0 = Release|Any CPU
		{A332DA21-C393-4B14-A028-50A27C2BA544}.AppStore|Any CPU.ActiveCfg = Release|Any CPU
		{A332DA21-C393-4B14-A028-50A27C2BA544}.AppStore|Any CPU.Build.0 = Release|Any CPU
		{A332DA21-C393-4B14-A028-50A27C2BA544}.AppStore|Any CPU.Deploy.0 = Release|Any CPU
		{A332DA21-C393-4B14-A028-50A27C2BA544}.AppStore|iPhone.ActiveCfg = Release|Any CPU
		{A332DA21-C393-4B14-A028-50A27C2BA544}.AppStore|iPhone.Build.0 = Release|Any CPU
		{A332DA21-C393-4B14-A028-50A27C2BA544}.AppStore|iPhone.Deploy.0 = Release|Any CPU
		{A332DA21-C393-4B14-A028-50A27C2BA544}.AppStore|iPhoneSimulator.ActiveCfg = Release|Any CPU
		{A332DA21-C393-4B14-A028-50A27C2BA544}.AppStore|iPhoneSimulator.Build.0 = Release|Any CPU
		{A332DA21-C393-4B14-A028-50A27C2BA544}.AppStore|iPhoneSimulator.Deploy.0 = Release|Any CPU
		{A332DA21-C393-4B14-A028-50A27C2BA544}.Debug|Any CPU.ActiveCfg = Debug|Any CPU
		{A332DA21-C393-4B14-A028-50A27C2BA544}.Debug|Any CPU.Build.0 = Debug|Any CPU
		{A332DA21-C393-4B14-A028-50A27C2BA544}.Debug|Any CPU.Deploy.0 = Debug|Any CPU
		{A332DA21-C393-4B14-A028-50A27C2BA544}.Debug|iPhone.ActiveCfg = Debug|Any CPU
		{A332DA21-C393-4B14-A028-50A27C2BA544}.Debug|iPhone.Build.0 = Debug|Any CPU
		{A332DA21-C393-4B14-A028-50A27C2BA544}.Debug|iPhone.Deploy.0 = Debug|Any CPU
		{A332DA21-C393-4B14-A028-50A27C2BA544}.Debug|iPhoneSimulator.ActiveCfg = Debug|Any CPU
		{A332DA21-C393-4B14-A028-50A27C2BA544}.Debug|iPhoneSimulator.Build.0 = Debug|Any CPU
		{A332DA21-C393-4B14-A028-50A27C2BA544}.Debug|iPhoneSimulator.Deploy.0 = Debug|Any CPU
		{A332DA21-C393-4B14-A028-50A27C2BA544}.Release|Any CPU.ActiveCfg = Release|Any CPU
		{A332DA21-C393-4B14-A028-50A27C2BA544}.Release|Any CPU.Build.0 = Release|Any CPU
		{A332DA21-C393-4B14-A028-50A27C2BA544}.Release|Any CPU.Deploy.0 = Release|Any CPU
		{A332DA21-C393-4B14-A028-50A27C2BA544}.Release|iPhone.ActiveCfg = Release|Any CPU
		{A332DA21-C393-4B14-A028-50A27C2BA544}.Release|iPhone.Build.0 = Release|Any CPU
		{A332DA21-C393-4B14-A028-50A27C2BA544}.Release|iPhone.Deploy.0 = Release|Any CPU
		{A332DA21-C393-4B14-A028-50A27C2BA544}.Release|iPhoneSimulator.ActiveCfg = Release|Any CPU
		{A332DA21-C393-4B14-A028-50A27C2BA544}.Release|iPhoneSimulator.Build.0 = Release|Any CPU
		{A332DA21-C393-4B14-A028-50A27C2BA544}.Release|iPhoneSimulator.Deploy.0 = Release|Any CPU
		{D94EC6E8-733B-4B55-A4C9-6A06F4D429DB}.Ad-Hoc|Any CPU.ActiveCfg = Ad-Hoc|iPhone
		{D94EC6E8-733B-4B55-A4C9-6A06F4D429DB}.Ad-Hoc|Any CPU.Build.0 = Ad-Hoc|iPhone
		{D94EC6E8-733B-4B55-A4C9-6A06F4D429DB}.Ad-Hoc|Any CPU.Deploy.0 = Ad-Hoc|iPhone
		{D94EC6E8-733B-4B55-A4C9-6A06F4D429DB}.Ad-Hoc|iPhone.ActiveCfg = Ad-Hoc|iPhone
		{D94EC6E8-733B-4B55-A4C9-6A06F4D429DB}.Ad-Hoc|iPhone.Build.0 = Ad-Hoc|iPhone
		{D94EC6E8-733B-4B55-A4C9-6A06F4D429DB}.Ad-Hoc|iPhone.Deploy.0 = Ad-Hoc|iPhone
		{D94EC6E8-733B-4B55-A4C9-6A06F4D429DB}.Ad-Hoc|iPhoneSimulator.ActiveCfg = Ad-Hoc|iPhoneSimulator
		{D94EC6E8-733B-4B55-A4C9-6A06F4D429DB}.Ad-Hoc|iPhoneSimulator.Build.0 = Ad-Hoc|iPhoneSimulator
		{D94EC6E8-733B-4B55-A4C9-6A06F4D429DB}.Ad-Hoc|iPhoneSimulator.Deploy.0 = Ad-Hoc|iPhoneSimulator
		{D94EC6E8-733B-4B55-A4C9-6A06F4D429DB}.AppStore|Any CPU.ActiveCfg = AppStore|iPhone
		{D94EC6E8-733B-4B55-A4C9-6A06F4D429DB}.AppStore|Any CPU.Build.0 = AppStore|iPhone
		{D94EC6E8-733B-4B55-A4C9-6A06F4D429DB}.AppStore|Any CPU.Deploy.0 = AppStore|iPhone
		{D94EC6E8-733B-4B55-A4C9-6A06F4D429DB}.AppStore|iPhone.ActiveCfg = AppStore|iPhone
		{D94EC6E8-733B-4B55-A4C9-6A06F4D429DB}.AppStore|iPhone.Build.0 = AppStore|iPhone
		{D94EC6E8-733B-4B55-A4C9-6A06F4D429DB}.AppStore|iPhone.Deploy.0 = AppStore|iPhone
		{D94EC6E8-733B-4B55-A4C9-6A06F4D429DB}.AppStore|iPhoneSimulator.ActiveCfg = AppStore|iPhoneSimulator
		{D94EC6E8-733B-4B55-A4C9-6A06F4D429DB}.AppStore|iPhoneSimulator.Build.0 = AppStore|iPhoneSimulator
		{D94EC6E8-733B-4B55-A4C9-6A06F4D429DB}.AppStore|iPhoneSimulator.Deploy.0 = AppStore|iPhoneSimulator
		{D94EC6E8-733B-4B55-A4C9-6A06F4D429DB}.Debug|Any CPU.ActiveCfg = Debug|iPhoneSimulator
		{D94EC6E8-733B-4B55-A4C9-6A06F4D429DB}.Debug|Any CPU.Build.0 = Debug|iPhoneSimulator
		{D94EC6E8-733B-4B55-A4C9-6A06F4D429DB}.Debug|Any CPU.Deploy.0 = Debug|iPhoneSimulator
		{D94EC6E8-733B-4B55-A4C9-6A06F4D429DB}.Debug|iPhone.ActiveCfg = Debug|iPhone
		{D94EC6E8-733B-4B55-A4C9-6A06F4D429DB}.Debug|iPhone.Build.0 = Debug|iPhone
		{D94EC6E8-733B-4B55-A4C9-6A06F4D429DB}.Debug|iPhone.Deploy.0 = Debug|iPhone
		{D94EC6E8-733B-4B55-A4C9-6A06F4D429DB}.Debug|iPhoneSimulator.ActiveCfg = Debug|iPhoneSimulator
		{D94EC6E8-733B-4B55-A4C9-6A06F4D429DB}.Debug|iPhoneSimulator.Build.0 = Debug|iPhoneSimulator
		{D94EC6E8-733B-4B55-A4C9-6A06F4D429DB}.Debug|iPhoneSimulator.Deploy.0 = Debug|iPhoneSimulator
		{D94EC6E8-733B-4B55-A4C9-6A06F4D429DB}.Release|Any CPU.ActiveCfg = Release|iPhone
		{D94EC6E8-733B-4B55-A4C9-6A06F4D429DB}.Release|Any CPU.Build.0 = Release|iPhone
		{D94EC6E8-733B-4B55-A4C9-6A06F4D429DB}.Release|Any CPU.Deploy.0 = Release|iPhone
		{D94EC6E8-733B-4B55-A4C9-6A06F4D429DB}.Release|iPhone.ActiveCfg = Release|iPhone
		{D94EC6E8-733B-4B55-A4C9-6A06F4D429DB}.Release|iPhone.Build.0 = Release|iPhone
		{D94EC6E8-733B-4B55-A4C9-6A06F4D429DB}.Release|iPhone.Deploy.0 = Release|iPhone
		{D94EC6E8-733B-4B55-A4C9-6A06F4D429DB}.Release|iPhoneSimulator.ActiveCfg = Release|iPhoneSimulator
		{D94EC6E8-733B-4B55-A4C9-6A06F4D429DB}.Release|iPhoneSimulator.Build.0 = Release|iPhoneSimulator
		{D94EC6E8-733B-4B55-A4C9-6A06F4D429DB}.Release|iPhoneSimulator.Deploy.0 = Release|iPhoneSimulator
		{567E07F4-05C4-4E54-BDEF-9603CC91936E}.Ad-Hoc|Any CPU.ActiveCfg = Debug|Any CPU
		{567E07F4-05C4-4E54-BDEF-9603CC91936E}.Ad-Hoc|Any CPU.Build.0 = Debug|Any CPU
		{567E07F4-05C4-4E54-BDEF-9603CC91936E}.Ad-Hoc|Any CPU.Deploy.0 = Debug|Any CPU
		{567E07F4-05C4-4E54-BDEF-9603CC91936E}.Ad-Hoc|iPhone.ActiveCfg = Debug|Any CPU
		{567E07F4-05C4-4E54-BDEF-9603CC91936E}.Ad-Hoc|iPhone.Build.0 = Debug|Any CPU
		{567E07F4-05C4-4E54-BDEF-9603CC91936E}.Ad-Hoc|iPhone.Deploy.0 = Debug|Any CPU
		{567E07F4-05C4-4E54-BDEF-9603CC91936E}.Ad-Hoc|iPhoneSimulator.ActiveCfg = Debug|Any CPU
		{567E07F4-05C4-4E54-BDEF-9603CC91936E}.Ad-Hoc|iPhoneSimulator.Build.0 = Debug|Any CPU
		{567E07F4-05C4-4E54-BDEF-9603CC91936E}.Ad-Hoc|iPhoneSimulator.Deploy.0 = Debug|Any CPU
		{567E07F4-05C4-4E54-BDEF-9603CC91936E}.AppStore|Any CPU.ActiveCfg = Debug|Any CPU
		{567E07F4-05C4-4E54-BDEF-9603CC91936E}.AppStore|Any CPU.Build.0 = Debug|Any CPU
		{567E07F4-05C4-4E54-BDEF-9603CC91936E}.AppStore|Any CPU.Deploy.0 = Debug|Any CPU
		{567E07F4-05C4-4E54-BDEF-9603CC91936E}.AppStore|iPhone.ActiveCfg = Debug|Any CPU
		{567E07F4-05C4-4E54-BDEF-9603CC91936E}.AppStore|iPhone.Build.0 = Debug|Any CPU
		{567E07F4-05C4-4E54-BDEF-9603CC91936E}.AppStore|iPhone.Deploy.0 = Debug|Any CPU
		{567E07F4-05C4-4E54-BDEF-9603CC91936E}.AppStore|iPhoneSimulator.ActiveCfg = Debug|Any CPU
		{567E07F4-05C4-4E54-BDEF-9603CC91936E}.AppStore|iPhoneSimulator.Build.0 = Debug|Any CPU
		{567E07F4-05C4-4E54-BDEF-9603CC91936E}.AppStore|iPhoneSimulator.Deploy.0 = Debug|Any CPU
		{567E07F4-05C4-4E54-BDEF-9603CC91936E}.Debug|Any CPU.ActiveCfg = Debug|Any CPU
		{567E07F4-05C4-4E54-BDEF-9603CC91936E}.Debug|Any CPU.Build.0 = Debug|Any CPU
		{567E07F4-05C4-4E54-BDEF-9603CC91936E}.Debug|Any CPU.Deploy.0 = Debug|Any CPU
		{567E07F4-05C4-4E54-BDEF-9603CC91936E}.Debug|iPhone.ActiveCfg = Debug|Any CPU
		{567E07F4-05C4-4E54-BDEF-9603CC91936E}.Debug|iPhone.Build.0 = Debug|Any CPU
		{567E07F4-05C4-4E54-BDEF-9603CC91936E}.Debug|iPhone.Deploy.0 = Debug|Any CPU
		{567E07F4-05C4-4E54-BDEF-9603CC91936E}.Debug|iPhoneSimulator.ActiveCfg = Debug|Any CPU
		{567E07F4-05C4-4E54-BDEF-9603CC91936E}.Debug|iPhoneSimulator.Build.0 = Debug|Any CPU
		{567E07F4-05C4-4E54-BDEF-9603CC91936E}.Debug|iPhoneSimulator.Deploy.0 = Debug|Any CPU
		{567E07F4-05C4-4E54-BDEF-9603CC91936E}.Release|Any CPU.ActiveCfg = Release|Any CPU
		{567E07F4-05C4-4E54-BDEF-9603CC91936E}.Release|Any CPU.Build.0 = Release|Any CPU
		{567E07F4-05C4-4E54-BDEF-9603CC91936E}.Release|Any CPU.Deploy.0 = Release|Any CPU
		{567E07F4-05C4-4E54-BDEF-9603CC91936E}.Release|iPhone.ActiveCfg = Release|Any CPU
		{567E07F4-05C4-4E54-BDEF-9603CC91936E}.Release|iPhone.Build.0 = Release|Any CPU
		{567E07F4-05C4-4E54-BDEF-9603CC91936E}.Release|iPhone.Deploy.0 = Release|Any CPU
		{567E07F4-05C4-4E54-BDEF-9603CC91936E}.Release|iPhoneSimulator.ActiveCfg = Release|Any CPU
		{567E07F4-05C4-4E54-BDEF-9603CC91936E}.Release|iPhoneSimulator.Build.0 = Release|Any CPU
		{567E07F4-05C4-4E54-BDEF-9603CC91936E}.Release|iPhoneSimulator.Deploy.0 = Release|Any CPU
	EndGlobalSection
	GlobalSection(SolutionProperties) = preSolution
		HideSolutionNode = FALSE
	EndGlobalSection
	GlobalSection(ExtensibilityGlobals) = postSolution
		SolutionGuid = {A445F3D8-B12F-4CCE-8CB7-4EF6D498DD72}
	EndGlobalSection
EndGlobal
